
Microsoft Visual Studio Solution File, Format Version 12.00
# Visual Studio Version 16
VisualStudioVersion = 16.0.30225.117
MinimumVisualStudioVersion = 10.0.40219.1
Project("{F184B08F-C81C-45F6-A57F-5ABD9991F28F}") = "14519162_Reza Fajrirudin_TI2-1", "14519162_Reza Fajrirudin_TI2-1.vbproj", "{C11CDCEE-3D3B-4825-8701-1E011F89AC91}"
EndProject
Global
	GlobalSection(SolutionConfigurationPlatforms) = preSolution
		Debug|Any CPU = Debug|Any CPU
		Release|Any CPU = Release|Any CPU
	EndGlobalSection
	GlobalSection(ProjectConfigurationPlatforms) = postSolution
		{C11CDCEE-3D3B-4825-8701-1E011F89AC91}.Debug|Any CPU.ActiveCfg = Debug|Any CPU
		{C11CDCEE-3D3B-4825-8701-1E011F89AC91}.Debug|Any CPU.Build.0 = Debug|Any CPU
		{C11CDCEE-3D3B-4825-8701-1E011F89AC91}.Release|Any CPU.ActiveCfg = Release|Any CPU
		{C11CDCEE-3D3B-4825-8701-1E011F89AC91}.Release|Any CPU.Build.0 = Release|Any CPU
	EndGlobalSection
	GlobalSection(SolutionProperties) = preSolution
		HideSolutionNode = FALSE
	EndGlobalSection
	GlobalSection(ExtensibilityGlobals) = postSolution
		SolutionGuid = {2224E4E4-E886-46E6-B9D8-7AAC2ECBD2C5}
	EndGlobalSection
EndGlobal
